
Microsoft Visual Studio Solution File, Format Version 12.00
# Visual Studio Version 17
VisualStudioVersion = 17.4.33122.133
MinimumVisualStudioVersion = 10.0.40219.1
Project("{9A19103F-16F7-4668-BE54-9A1E7A4F7556}") = "ChangeCalculator.Service", "ChangeCalculator.Service\ChangeCalculator.Service.csproj", "{F162B06A-C5FA-4B60-AB21-31FE931BF827}"
EndProject
Project("{9A19103F-16F7-4668-BE54-9A1E7A4F7556}") = "ChangeCalculator.Domain", "ChangeCalculator.Domain\ChangeCalculator.Domain.csproj", "{86573DB0-1338-4A9A-B8B8-AD658B36E4FA}"
EndProject
Project("{9A19103F-16F7-4668-BE54-9A1E7A4F7556}") = "ChangeCalculator.UnitTests", "ChangeCalculator.UnitTests\ChangeCalculator.UnitTests.csproj", "{5CF9EF7C-F939-4B9F-8095-315D28D18D89}"
EndProject
Global
	GlobalSection(SolutionConfigurationPlatforms) = preSolution
		Debug|Any CPU = Debug|Any CPU
		Release|Any CPU = Release|Any CPU
	EndGlobalSection
	GlobalSection(ProjectConfigurationPlatforms) = postSolution
		{F162B06A-C5FA-4B60-AB21-31FE931BF827}.Debug|Any CPU.ActiveCfg = Debug|Any CPU
		{F162B06A-C5FA-4B60-AB21-31FE931BF827}.Debug|Any CPU.Build.0 = Debug|Any CPU
		{F162B06A-C5FA-4B60-AB21-31FE931BF827}.Release|Any CPU.ActiveCfg = Release|Any CPU
		{F162B06A-C5FA-4B60-AB21-31FE931BF827}.Release|Any CPU.Build.0 = Release|Any CPU
		{86573DB0-1338-4A9A-B8B8-AD658B36E4FA}.Debug|Any CPU.ActiveCfg = Debug|Any CPU
		{86573DB0-1338-4A9A-B8B8-AD658B36E4FA}.Debug|Any CPU.Build.0 = Debug|Any CPU
		{86573DB0-1338-4A9A-B8B8-AD658B36E4FA}.Release|Any CPU.ActiveCfg = Release|Any CPU
		{86573DB0-1338-4A9A-B8B8-AD658B36E4FA}.Release|Any CPU.Build.0 = Release|Any CPU
		{5CF9EF7C-F939-4B9F-8095-315D28D18D89}.Debug|Any CPU.ActiveCfg = Debug|Any CPU
		{5CF9EF7C-F939-4B9F-8095-315D28D18D89}.Debug|Any CPU.Build.0 = Debug|Any CPU
		{5CF9EF7C-F939-4B9F-8095-315D28D18D89}.Release|Any CPU.ActiveCfg = Release|Any CPU
		{5CF9EF7C-F939-4B9F-8095-315D28D18D89}.Release|Any CPU.Build.0 = Release|Any CPU
	EndGlobalSection
	GlobalSection(SolutionProperties) = preSolution
		HideSolutionNode = FALSE
	EndGlobalSection
	GlobalSection(ExtensibilityGlobals) = postSolution
		SolutionGuid = {8F6B9B82-1436-4E4B-99B9-F85FA360EA99}
	EndGlobalSection
EndGlobal
